speakeasyVersion: 1.476.2
sources:
    JANI Payments:
        sourceNamespace: jani-payments
        sourceRevisionDigest: sha256:113bd44a9e4b4f3d2c0df86ac8c18dab5dca29e39d44ca93300f98d3ff17bcee
        sourceBlobDigest: sha256:25f7afe46ea041c438fce2ac6c70fd73a99f28353e9ed7bae8ad39e8f34fa4e1
        tags:
            - latest
            - speakeasy-sdk-regen-1737991027
            - 1.0.0
targets:
    jani-payments:
        source: JANI Payments
        sourceNamespace: jani-payments
        sourceRevisionDigest: sha256:113bd44a9e4b4f3d2c0df86ac8c18dab5dca29e39d44ca93300f98d3ff17bcee
        sourceBlobDigest: sha256:25f7afe46ea041c438fce2ac6c70fd73a99f28353e9ed7bae8ad39e8f34fa4e1
        codeSamplesNamespace: jani-payments-typescript-code-samples
        codeSamplesRevisionDigest: sha256:e96bbeb8c0eaebaf4a4e9e9ad5ea33e01d2588d1cfaad7f4047517046c76299e
workflow:
    workflowVersion: 1.0.0
    speakeasyVersion: latest
    sources:
        JANI Payments:
            inputs:
                - location: https://p5kv4b3h7rzao6bxlzmisxykfe0dragb.lambda-url.us-east-1.on.aws/doc
            overlays:
                - location: .speakeasy/speakeasy-modifications-overlay.yaml
            registry:
                location: registry.speakeasyapi.dev/jani-payments/billing/jani-payments
    targets:
        jani-payments:
            target: typescript
            source: JANI Payments
            codeSamples:
                registry:
                    location: registry.speakeasyapi.dev/jani-payments/billing/jani-payments-typescript-code-samples
                labelOverride:
                    fixedValue: Typescript (SDK)
                blocking: false
