speakeasyVersion: 1.476.2
sources:
    JANI Payments:
        sourceNamespace: jani-payments
        sourceRevisionDigest: sha256:b7c0e735489ed60959ed56aab3891c889125b086978285890a748b5a30c9f1d5
        sourceBlobDigest: sha256:0bb174f226d9647341d6ee75f25c3309791cdabb90bbae47c88e4545185e7148
        tags:
            - latest
            - 1.0.0
targets:
    jani-payments:
        source: JANI Payments
        sourceNamespace: jani-payments
        sourceRevisionDigest: sha256:b7c0e735489ed60959ed56aab3891c889125b086978285890a748b5a30c9f1d5
        sourceBlobDigest: sha256:0bb174f226d9647341d6ee75f25c3309791cdabb90bbae47c88e4545185e7148
        codeSamplesNamespace: jani-payments-typescript-code-samples
        codeSamplesRevisionDigest: sha256:c2ce296d5d5162e7369e423fcef82cf995f48109c9e38f2349490cd4471b5c9d
workflow:
    workflowVersion: 1.0.0
    speakeasyVersion: latest
    sources:
        JANI Payments:
            inputs:
                - location: https://p5kv4b3h7rzao6bxlzmisxykfe0dragb.lambda-url.us-east-1.on.aws/doc
            overlays:
                - location: .speakeasy/speakeasy-modifications-overlay.yaml
            registry:
                location: registry.speakeasyapi.dev/jani-payments/billing/jani-payments
    targets:
        jani-payments:
            target: typescript
            source: JANI Payments
            codeSamples:
                registry:
                    location: registry.speakeasyapi.dev/jani-payments/billing/jani-payments-typescript-code-samples
                labelOverride:
                    fixedValue: Typescript (SDK)
                blocking: false
